// !$*UTF8*$!
{
	archiveVersion = 1;
	classes = {
	};
	objectVersion = 50;
	objects = {

/* Begin PBXBuildFile section */
		A61E012525B792F5005071CF /* Landmark.swift in Sources */ = {isa = PBXBuildFile; fileRef = A61E012425B792F5005071CF /* Landmark.swift */; };
		A61E012925B796D6005071CF /* ModelData.swift in Sources */ = {isa = PBXBuildFile; fileRef = A61E012825B796D6005071CF /* ModelData.swift */; };
		A61E013725B7979D005071CF /* landmarkData.json in Resources */ = {isa = PBXBuildFile; fileRef = A61E013625B7979D005071CF /* landmarkData.json */; };
		A61E013F25B79803005071CF /* LandmarkRow.swift in Sources */ = {isa = PBXBuildFile; fileRef = A61E013E25B79803005071CF /* LandmarkRow.swift */; };
		A61E014225B79A6B005071CF /* LandmarkList.swift in Sources */ = {isa = PBXBuildFile; fileRef = A61E014125B79A6B005071CF /* LandmarkList.swift */; };
		A61E014625B79BBE005071CF /* LandmarkDetail.swift in Sources */ = {isa = PBXBuildFile; fileRef = A61E014525B79BBE005071CF /* LandmarkDetail.swift */; };
		A6931BDA25B5C87400871C19 /* LandmarksApp.swift in Sources */ = {isa = PBXBuildFile; fileRef = A6931BD925B5C87400871C19 /* LandmarksApp.swift */; };
		A6931BDC25B5C87400871C19 /* ContentView.swift in Sources */ = {isa = PBXBuildFile; fileRef = A6931BDB25B5C87400871C19 /* ContentView.swift */; };
		A6931BDE25B5C87600871C19 /* Assets.xcassets in Resources */ = {isa = PBXBuildFile; fileRef = A6931BDD25B5C87600871C19 /* Assets.xcassets */; };
		A6931BE125B5C87600871C19 /* Preview Assets.xcassets in Resources */ = {isa = PBXBuildFile; fileRef = A6931BE025B5C87600871C19 /* Preview Assets.xcassets */; };
		A6931BEA25B5CC7D00871C19 /* CircleImage.swift in Sources */ = {isa = PBXBuildFile; fileRef = A6931BE925B5CC7D00871C19 /* CircleImage.swift */; };
		A6931BED25B5CD9F00871C19 /* MapView.swift in Sources */ = {isa = PBXBuildFile; fileRef = A6931BEC25B5CD9F00871C19 /* MapView.swift */; };
/* End PBXBuildFile section */

/* Begin PBXFileReference section */
		A61E012425B792F5005071CF /* Landmark.swift */ = {isa = PBXFileReference; lastKnownFileType = sourcecode.swift; path = Landmark.swift; sourceTree = "<group>"; };
		A61E012825B796D6005071CF /* ModelData.swift */ = {isa = PBXFileReference; lastKnownFileType = sourcecode.swift; path = ModelData.swift; sourceTree = "<group>"; };
		A61E013625B7979D005071CF /* landmarkData.json */ = {isa = PBXFileReference; fileEncoding = 4; lastKnownFileType = text.json; name = landmarkData.json; path = ../../../../../Downloads/BuildingListsAndNavigation/Resources/landmarkData.json; sourceTree = "<group>"; };
		A61E013E25B79803005071CF /* LandmarkRow.swift */ = {isa = PBXFileReference; lastKnownFileType = sourcecode.swift; path = LandmarkRow.swift; sourceTree = "<group>"; };
		A61E014125B79A6B005071CF /* LandmarkList.swift */ = {isa = PBXFileReference; lastKnownFileType = sourcecode.swift; path = LandmarkList.swift; sourceTree = "<group>"; };
		A61E014525B79BBE005071CF /* LandmarkDetail.swift */ = {isa = PBXFileReference; lastKnownFileType = sourcecode.swift; path = LandmarkDetail.swift; sourceTree = "<group>"; };
		A6931BD625B5C87400871C19 /* Landmarks.app */ = {isa = PBXFileReference; explicitFileType = wrapper.application; includeInIndex = 0; path = Landmarks.app; sourceTree = BUILT_PRODUCTS_DIR; };
		A6931BD925B5C87400871C19 /* LandmarksApp.swift */ = {isa = PBXFileReference; lastKnownFileType = sourcecode.swift; path = LandmarksApp.swift; sourceTree = "<group>"; };
		A6931BDB25B5C87400871C19 /* ContentView.swift */ = {isa = PBXFileReference; lastKnownFileType = sourcecode.swift; path = ContentView.swift; sourceTree = "<group>"; };
		A6931BDD25B5C87600871C19 /* Assets.xcassets */ = {isa = PBXFileReference; lastKnownFileType = folder.assetcatalog; path = Assets.xcassets; sourceTree = "<group>"; };
		A6931BE025B5C87600871C19 /* Preview Assets.xcassets */ = {isa = PBXFileReference; lastKnownFileType = folder.assetcatalog; path = "Preview Assets.xcassets"; sourceTree = "<group>"; };
		A6931BE225B5C87600871C19 /* Info.plist */ = {isa = PBXFileReference; lastKnownFileType = text.plist.xml; path = Info.plist; sourceTree = "<group>"; };
		A6931BE925B5CC7D00871C19 /* CircleImage.swift */ = {isa = PBXFileReference; lastKnownFileType = sourcecode.swift; path = CircleImage.swift; sourceTree = "<group>"; };
		A6931BEC25B5CD9F00871C19 /* MapView.swift */ = {isa = PBXFileReference; lastKnownFileType = sourcecode.swift; path = MapView.swift; sourceTree = "<group>"; };
/* End PBXFileReference section */

/* Begin PBXFrameworksBuildPhase section */
		A6931BD325B5C87400871C19 /* Frameworks */ = {
			isa = PBXFrameworksBuildPhase;
			buildActionMask = 2147483647;
			files = (
			);
			runOnlyForDeploymentPostprocessing = 0;
		};
/* End PBXFrameworksBuildPhase section */

/* Begin PBXGroup section */
		A61E012B25B79716005071CF /* Views */ = {
			isa = PBXGroup;
			children = (
				A6931BDB25B5C87400871C19 /* ContentView.swift */,
				A6931BE925B5CC7D00871C19 /* CircleImage.swift */,
				A6931BEC25B5CD9F00871C19 /* MapView.swift */,
				A61E013E25B79803005071CF /* LandmarkRow.swift */,
				A61E014125B79A6B005071CF /* LandmarkList.swift */,
				A61E014525B79BBE005071CF /* LandmarkDetail.swift */,
			);
			path = Views;
			sourceTree = "<group>";
		};
		A61E012C25B7971D005071CF /* Model */ = {
			isa = PBXGroup;
			children = (
				A61E012425B792F5005071CF /* Landmark.swift */,
				A61E012825B796D6005071CF /* ModelData.swift */,
			);
			path = Model;
			sourceTree = "<group>";
		};
		A61E012D25B79724005071CF /* Resources */ = {
			isa = PBXGroup;
			children = (
				A61E013625B7979D005071CF /* landmarkData.json */,
			);
			path = Resources;
			sourceTree = "<group>";
		};
		A6931BCD25B5C87400871C19 = {
			isa = PBXGroup;
			children = (
				A6931BD825B5C87400871C19 /* Landmarks */,
				A6931BE025B5C87600871C19 /* Preview Assets.xcassets */,
				A6931BD725B5C87400871C19 /* Products */,
			);
			sourceTree = "<group>";
		};
		A6931BD725B5C87400871C19 /* Products */ = {
			isa = PBXGroup;
			children = (
				A6931BD625B5C87400871C19 /* Landmarks.app */,
			);
			name = Products;
			sourceTree = "<group>";
		};
		A6931BD825B5C87400871C19 /* Landmarks */ = {
			isa = PBXGroup;
			children = (
				A61E012B25B79716005071CF /* Views */,
				A61E012C25B7971D005071CF /* Model */,
				A61E012D25B79724005071CF /* Resources */,
				A6931BD925B5C87400871C19 /* LandmarksApp.swift */,
				A6931BDD25B5C87600871C19 /* Assets.xcassets */,
				A6931BE225B5C87600871C19 /* Info.plist */,
				A6931BDF25B5C87600871C19 /* Preview Content */,
			);
			path = Landmarks;
			sourceTree = "<group>";
		};
		A6931BDF25B5C87600871C19 /* Preview Content */ = {
			isa = PBXGroup;
			children = (
			);
			path = "Preview Content";
			sourceTree = "<group>";
		};
/* End PBXGroup section */

/* Begin PBXNativeTarget section */
		A6931BD525B5C87400871C19 /* Landmarks */ = {
			isa = PBXNativeTarget;
			buildConfigurationList = A6931BE525B5C87600871C19 /* Build configuration list for PBXNativeTarget "Landmarks" */;
			buildPhases = (
				A6931BD225B5C87400871C19 /* Sources */,
				A6931BD325B5C87400871C19 /* Frameworks */,
				A6931BD425B5C87400871C19 /* Resources */,
			);
			buildRules = (
			);
			dependencies = (
			);
			name = Landmarks;
			productName = Landmarks;
			productReference = A6931BD625B5C87400871C19 /* Landmarks.app */;
			productType = "com.apple.product-type.application";
		};
/* End PBXNativeTarget section */

/* Begin PBXProject section */
		A6931BCE25B5C87400871C19 /* Project object */ = {
			isa = PBXProject;
			attributes = {
				LastSwiftUpdateCheck = 1230;
				LastUpgradeCheck = 1230;
				TargetAttributes = {
					A6931BD525B5C87400871C19 = {
						CreatedOnToolsVersion = 12.3;
					};
				};
			};
			buildConfigurationList = A6931BD125B5C87400871C19 /* Build configuration list for PBXProject "Landmarks" */;
			compatibilityVersion = "Xcode 9.3";
			developmentRegion = en;
			hasScannedForEncodings = 0;
			knownRegions = (
				en,
				Base,
			);
			mainGroup = A6931BCD25B5C87400871C19;
			productRefGroup = A6931BD725B5C87400871C19 /* Products */;
			projectDirPath = "";
			projectRoot = "";
			targets = (
				A6931BD525B5C87400871C19 /* Landmarks */,
			);
		};
/* End PBXProject section */

/* Begin PBXResourcesBuildPhase section */
		A6931BD425B5C87400871C19 /* Resources */ = {
			isa = PBXResourcesBuildPhase;
			buildActionMask = 2147483647;
			files = (
				A6931BE125B5C87600871C19 /* Preview Assets.xcassets in Resources */,
				A61E013725B7979D005071CF /* landmarkData.json in Resources */,
				A6931BDE25B5C87600871C19 /* Assets.xcassets in Resources */,
			);
			runOnlyForDeploymentPostprocessing = 0;
		};
/* End PBXResourcesBuildPhase section */

/* Begin PBXSourcesBuildPhase section */
		A6931BD225B5C87400871C19 /* Sources */ = {
			isa = PBXSourcesBuildPhase;
			buildActionMask = 2147483647;
			files = (
				A6931BDC25B5C87400871C19 /* ContentView.swift in Sources */,
				A6931BED25B5CD9F00871C19 /* MapView.swift in Sources */,
				A6931BDA25B5C87400871C19 /* LandmarksApp.swift in Sources */,
				A61E014225B79A6B005071CF /* LandmarkList.swift in Sources */,
				A61E014625B79BBE005071CF /* LandmarkDetail.swift in Sources */,
				A6931BEA25B5CC7D00871C19 /* CircleImage.swift in Sources */,
				A61E012525B792F5005071CF /* Landmark.swift in Sources */,
				A61E013F25B79803005071CF /* LandmarkRow.swift in Sources */,
				A61E012925B796D6005071CF /* ModelData.swift in Sources */,
			);
			runOnlyForDeploymentPostprocessing = 0;
		};
/* End PBXSourcesBuildPhase section */

/* Begin XCBuildConfiguration section */
		A6931BE325B5C87600871C19 /* Debug */ = {
			isa = XCBuildConfiguration;
			buildSettings = {
				ALWAYS_SEARCH_USER_PATHS = NO;
				CLANG_ANALYZER_NONNULL = YES;
				CLANG_ANALYZER_NUMBER_OBJECT_CONVERSION = YES_AGGRESSIVE;
				CLANG_CXX_LANGUAGE_STANDARD = "gnu++14";
				CLANG_CXX_LIBRARY = "libc++";
				CLANG_ENABLE_MODULES = YES;
				CLANG_ENABLE_OBJC_ARC = YES;
				CLANG_ENABLE_OBJC_WEAK = YES;
				CLANG_WARN_BLOCK_CAPTURE_AUTORELEASING = YES;
				CLANG_WARN_BOOL_CONVERSION = YES;
				CLANG_WARN_COMMA = YES;
				CLANG_WARN_CONSTANT_CONVERSION = YES;
				CLANG_WARN_DEPRECATED_OBJC_IMPLEMENTATIONS = YES;
				CLANG_WARN_DIRECT_OBJC_ISA_USAGE = YES_ERROR;
				CLANG_WARN_DOCUMENTATION_COMMENTS = YES;
				CLANG_WARN_EMPTY_BODY = YES;
				CLANG_WARN_ENUM_CONVERSION = YES;
				CLANG_WARN_INFINITE_RECURSION = YES;
				CLANG_WARN_INT_CONVERSION = YES;
				CLANG_WARN_NON_LITERAL_NULL_CONVERSION = YES;
				CLANG_WARN_OBJC_IMPLICIT_RETAIN_SELF = YES;
				CLANG_WARN_OBJC_LITERAL_CONVERSION = YES;
				CLANG_WARN_OBJC_ROOT_CLASS = YES_ERROR;
				CLANG_WARN_QUOTED_INCLUDE_IN_FRAMEWORK_HEADER = YES;
				CLANG_WARN_RANGE_LOOP_ANALYSIS = YES;
				CLANG_WARN_STRICT_PROTOTYPES = YES;
				CLANG_WARN_SUSPICIOUS_MOVE = YES;
				CLANG_WARN_UNGUARDED_AVAILABILITY = YES_AGGRESSIVE;
				CLANG_WARN_UNREACHABLE_CODE = YES;
				CLANG_WARN__DUPLICATE_METHOD_MATCH = YES;
				COPY_PHASE_STRIP = NO;
				DEBUG_INFORMATION_FORMAT = dwarf;
				ENABLE_STRICT_OBJC_MSGSEND = YES;
				ENABLE_TESTABILITY = YES;
				GCC_C_LANGUAGE_STANDARD = gnu11;
				GCC_DYNAMIC_NO_PIC = NO;
				GCC_NO_COMMON_BLOCKS = YES;
				GCC_OPTIMIZATION_LEVEL = 0;
				GCC_PREPROCESSOR_DEFINITIONS = (
					"DEBUG=1",
					"$(inherited)",
				);
				GCC_WARN_64_TO_32_BIT_CONVERSION = YES;
				GCC_WARN_ABOUT_RETURN_TYPE = YES_ERROR;
				GCC_WARN_UNDECLARED_SELECTOR = YES;
				GCC_WARN_UNINITIALIZED_AUTOS = YES_AGGRESSIVE;
				GCC_WARN_UNUSED_FUNCTION = YES;
				GCC_WARN_UNUSED_VARIABLE = YES;
				IPHONEOS_DEPLOYMENT_TARGET = 14.3;
				MTL_ENABLE_DEBUG_INFO = INCLUDE_SOURCE;
				MTL_FAST_MATH = YES;
				ONLY_ACTIVE_ARCH = YES;
				SDKROOT = iphoneos;
				SWIFT_ACTIVE_COMPILATION_CONDITIONS = DEBUG;
				SWIFT_OPTIMIZATION_LEVEL = "-Onone";
			};
			name = Debug;
		};
		A6931BE425B5C87600871C19 /* Release */ = {
			isa = XCBuildConfiguration;
			buildSettings = {
				ALWAYS_SEARCH_USER_PATHS = NO;
				CLANG_ANALYZER_NONNULL = YES;
				CLANG_ANALYZER_NUMBER_OBJECT_CONVERSION = YES_AGGRESSIVE;
				CLANG_CXX_LANGUAGE_STANDARD = "gnu++14";
				CLANG_CXX_LIBRARY = "libc++";
				CLANG_ENABLE_MODULES = YES;
				CLANG_ENABLE_OBJC_ARC = YES;
				CLANG_ENABLE_OBJC_WEAK = YES;
				CLANG_WARN_BLOCK_CAPTURE_AUTORELEASING = YES;
				CLANG_WARN_BOOL_CONVERSION = YES;
				CLANG_WARN_COMMA = YES;
				CLANG_WARN_CONSTANT_CONVERSION = YES;
				CLANG_WARN_DEPRECATED_OBJC_IMPLEMENTATIONS = YES;
				CLANG_WARN_DIRECT_OBJC_ISA_USAGE = YES_ERROR;
				CLANG_WARN_DOCUMENTATION_COMMENTS = YES;
				CLANG_WARN_EMPTY_BODY = YES;
				CLANG_WARN_ENUM_CONVERSION = YES;
				CLANG_WARN_INFINITE_RECURSION = YES;
				CLANG_WARN_INT_CONVERSION = YES;
				CLANG_WARN_NON_LITERAL_NULL_CONVERSION = YES;
				CLANG_WARN_OBJC_IMPLICIT_RETAIN_SELF = YES;
				CLANG_WARN_OBJC_LITERAL_CONVERSION = YES;
				CLANG_WARN_OBJC_ROOT_CLASS = YES_ERROR;
				CLANG_WARN_QUOTED_INCLUDE_IN_FRAMEWORK_HEADER = YES;
				CLANG_WARN_RANGE_LOOP_ANALYSIS = YES;
				CLANG_WARN_STRICT_PROTOTYPES = YES;
				CLANG_WARN_SUSPICIOUS_MOVE = YES;
				CLANG_WARN_UNGUARDED_AVAILABILITY = YES_AGGRESSIVE;
				CLANG_WARN_UNREACHABLE_CODE = YES;
				CLANG_WARN__DUPLICATE_METHOD_MATCH = YES;
				COPY_PHASE_STRIP = NO;
				DEBUG_INFORMATION_FORMAT = "dwarf-with-dsym";
				ENABLE_NS_ASSERTIONS = NO;
				ENABLE_STRICT_OBJC_MSGSEND = YES;
				GCC_C_LANGUAGE_STANDARD = gnu11;
				GCC_NO_COMMON_BLOCKS = YES;
				GCC_WARN_64_TO_32_BIT_CONVERSION = YES;
				GCC_WARN_ABOUT_RETURN_TYPE = YES_ERROR;
				GCC_WARN_UNDECLARED_SELECTOR = YES;
				GCC_WARN_UNINITIALIZED_AUTOS = YES_AGGRESSIVE;
				GCC_WARN_UNUSED_FUNCTION = YES;
				GCC_WARN_UNUSED_VARIABLE = YES;
				IPHONEOS_DEPLOYMENT_TARGET = 14.3;
				MTL_ENABLE_DEBUG_INFO = NO;
				MTL_FAST_MATH = YES;
				SDKROOT = iphoneos;
				SWIFT_COMPILATION_MODE = wholemodule;
				SWIFT_OPTIMIZATION_LEVEL = "-O";
				VALIDATE_PRODUCT = YES;
			};
			name = Release;
		};
		A6931BE625B5C87600871C19 /* Debug */ = {
			isa = XCBuildConfiguration;
			buildSettings = {
				ASSETCATALOG_COMPILER_APPICON_NAME = AppIcon;
				ASSETCATALOG_COMPILER_GLOBAL_ACCENT_COLOR_NAME = AccentColor;
				CODE_SIGN_STYLE = Automatic;
				DEVELOPMENT_ASSET_PATHS = "\"Landmarks/Preview Content\"";
				ENABLE_PREVIEWS = YES;
				INFOPLIST_FILE = Landmarks/Info.plist;
				IPHONEOS_DEPLOYMENT_TARGET = 14.0;
				LD_RUNPATH_SEARCH_PATHS = (
					"$(inherited)",
					"@executable_path/Frameworks",
				);
				PRODUCT_BUNDLE_IDENTIFIER = nayoung.Landmarks;
				PRODUCT_NAME = "$(TARGET_NAME)";
				SWIFT_VERSION = 5.0;
				TARGETED_DEVICE_FAMILY = "1,2";
			};
			name = Debug;
		};
		A6931BE725B5C87600871C19 /* Release */ = {
			isa = XCBuildConfiguration;
			buildSettings = {
				ASSETCATALOG_COMPILER_APPICON_NAME = AppIcon;
				ASSETCATALOG_COMPILER_GLOBAL_ACCENT_COLOR_NAME = AccentColor;
				CODE_SIGN_STYLE = Automatic;
				DEVELOPMENT_ASSET_PATHS = "\"Landmarks/Preview Content\"";
				ENABLE_PREVIEWS = YES;
				INFOPLIST_FILE = Landmarks/Info.plist;
				IPHONEOS_DEPLOYMENT_TARGET = 14.0;
				LD_RUNPATH_SEARCH_PATHS = (
					"$(inherited)",
					"@executable_path/Frameworks",
				);
				PRODUCT_BUNDLE_IDENTIFIER = nayoung.Landmarks;
				PRODUCT_NAME = "$(TARGET_NAME)";
				SWIFT_VERSION = 5.0;
				TARGETED_DEVICE_FAMILY = "1,2";
			};
			name = Release;
		};
/* End XCBuildConfiguration section */

/* Begin XCConfigurationList section */
		A6931BD125B5C87400871C19 /* Build configuration list for PBXProject "Landmarks" */ = {
			isa = XCConfigurationList;
			buildConfigurations = (
				A6931BE325B5C87600871C19 /* Debug */,
				A6931BE425B5C87600871C19 /* Release */,
			);
			defaultConfigurationIsVisible = 0;
			defaultConfigurationName = Release;
		};
		A6931BE525B5C87600871C19 /* Build configuration list for PBXNativeTarget "Landmarks" */ = {
			isa = XCConfigurationList;
			buildConfigurations = (
				A6931BE625B5C87600871C19 /* Debug */,
				A6931BE725B5C87600871C19 /* Release */,
			);
			defaultConfigurationIsVisible = 0;
			defaultConfigurationName = Release;
		};
/* End XCConfigurationList section */
	};
	rootObject = A6931BCE25B5C87400871C19 /* Project object */;
}
